
Microsoft Visual Studio Solution File, Format Version 12.00
# Visual Studio 15
VisualStudioVersion = 15.0.27004.2009
MinimumVisualStudioVersion = 10.0.40219.1
Project("{FAE04EC0-301F-11D3-BF4B-00C04F79EFBC}") = "GenerateDataFormItemsForDataObject", "GenerateDataFormItemsForDataObject\GenerateDataFormItemsForDataObject.csproj", "{F0F03287-1000-4661-A2FF-9092A91F9A88}"
EndProject
Project("{FAE04EC0-301F-11D3-BF4B-00C04F79EFBC}") = "GenerateDataFormItemsForDataObject.Android", "GenerateDataFormItemsForDataObject.Android\GenerateDataFormItemsForDataObject.Android.csproj", "{9BDAC1E6-0631-46D1-800A-6F8991DE724C}"
EndProject
Project("{FAE04EC0-301F-11D3-BF4B-00C04F79EFBC}") = "GenerateDataFormItemsForDataObject.iOS", "GenerateDataFormItemsForDataObject.iOS\GenerateDataFormItemsForDataObject.iOS.csproj", "{0144DEF3-70AE-4AD0-B7F2-1C7DD74CFA4E}"
EndProject
Project("{FAE04EC0-301F-11D3-BF4B-00C04F79EFBC}") = "GenerateDataFormItemsForDataObject.UWP", "GenerateDataFormItemsForDataObject.UWP\GenerateDataFormItemsForDataObject.UWP.csproj", "{56F960EF-30F2-49C0-93AB-B209C3B70C63}"
EndProject
Global
	GlobalSection(SolutionConfigurationPlatforms) = preSolution
		Ad-Hoc|Any CPU = Ad-Hoc|Any CPU
		Ad-Hoc|ARM = Ad-Hoc|ARM
		Ad-Hoc|iPhone = Ad-Hoc|iPhone
		Ad-Hoc|iPhoneSimulator = Ad-Hoc|iPhoneSimulator
		Ad-Hoc|x64 = Ad-Hoc|x64
		Ad-Hoc|x86 = Ad-Hoc|x86
		AppStore|Any CPU = AppStore|Any CPU
		AppStore|ARM = AppStore|ARM
		AppStore|iPhone = AppStore|iPhone
		AppStore|iPhoneSimulator = AppStore|iPhoneSimulator
		AppStore|x64 = AppStore|x64
		AppStore|x86 = AppStore|x86
		Debug|Any CPU = Debug|Any CPU
		Debug|ARM = Debug|ARM
		Debug|iPhone = Debug|iPhone
		Debug|iPhoneSimulator = Debug|iPhoneSimulator
		Debug|x64 = Debug|x64
		Debug|x86 = Debug|x86
		Release|Any CPU = Release|Any CPU
		Release|ARM = Release|ARM
		Release|iPhone = Release|iPhone
		Release|iPhoneSimulator = Release|iPhoneSimulator
		Release|x64 = Release|x64
		Release|x86 = Release|x86
	EndGlobalSection
	GlobalSection(ProjectConfigurationPlatforms) = postSolution
		{F0F03287-1000-4661-A2FF-9092A91F9A88}.Ad-Hoc|Any CPU.ActiveCfg = Release|Any CPU
		{F0F03287-1000-4661-A2FF-9092A91F9A88}.Ad-Hoc|Any CPU.Build.0 = Release|Any CPU
		{F0F03287-1000-4661-A2FF-9092A91F9A88}.Ad-Hoc|ARM.ActiveCfg = Release|Any CPU
		{F0F03287-1000-4661-A2FF-9092A91F9A88}.Ad-Hoc|ARM.Build.0 = Release|Any CPU
		{F0F03287-1000-4661-A2FF-9092A91F9A88}.Ad-Hoc|iPhone.ActiveCfg = Release|Any CPU
		{F0F03287-1000-4661-A2FF-9092A91F9A88}.Ad-Hoc|iPhone.Build.0 = Release|Any CPU
		{F0F03287-1000-4661-A2FF-9092A91F9A88}.Ad-Hoc|iPhoneSimulator.ActiveCfg = Release|Any CPU
		{F0F03287-1000-4661-A2FF-9092A91F9A88}.Ad-Hoc|iPhoneSimulator.Build.0 = Release|Any CPU
		{F0F03287-1000-4661-A2FF-9092A91F9A88}.Ad-Hoc|x64.ActiveCfg = Release|Any CPU
		{F0F03287-1000-4661-A2FF-9092A91F9A88}.Ad-Hoc|x64.Build.0 = Release|Any CPU
		{F0F03287-1000-4661-A2FF-9092A91F9A88}.Ad-Hoc|x86.ActiveCfg = Release|Any CPU
		{F0F03287-1000-4661-A2FF-9092A91F9A88}.Ad-Hoc|x86.Build.0 = Release|Any CPU
		{F0F03287-1000-4661-A2FF-9092A91F9A88}.AppStore|Any CPU.ActiveCfg = Release|Any CPU
		{F0F03287-1000-4661-A2FF-9092A91F9A88}.AppStore|Any CPU.Build.0 = Release|Any CPU
		{F0F03287-1000-4661-A2FF-9092A91F9A88}.AppStore|ARM.ActiveCfg = Release|Any CPU
		{F0F03287-1000-4661-A2FF-9092A91F9A88}.AppStore|ARM.Build.0 = Release|Any CPU
		{F0F03287-1000-4661-A2FF-9092A91F9A88}.AppStore|iPhone.ActiveCfg = Release|Any CPU
		{F0F03287-1000-4661-A2FF-9092A91F9A88}.AppStore|iPhone.Build.0 = Release|Any CPU
		{F0F03287-1000-4661-A2FF-9092A91F9A88}.AppStore|iPhoneSimulator.ActiveCfg = Release|Any CPU
		{F0F03287-1000-4661-A2FF-9092A91F9A88}.AppStore|iPhoneSimulator.Build.0 = Release|Any CPU
		{F0F03287-1000-4661-A2FF-9092A91F9A88}.AppStore|x64.ActiveCfg = Release|Any CPU
		{F0F03287-1000-4661-A2FF-9092A91F9A88}.AppStore|x64.Build.0 = Release|Any CPU
		{F0F03287-1000-4661-A2FF-9092A91F9A88}.AppStore|x86.ActiveCfg = Release|Any CPU
		{F0F03287-1000-4661-A2FF-9092A91F9A88}.AppStore|x86.Build.0 = Release|Any CPU
		{F0F03287-1000-4661-A2FF-9092A91F9A88}.Debug|Any CPU.ActiveCfg = Debug|Any CPU
		{F0F03287-1000-4661-A2FF-9092A91F9A88}.Debug|Any CPU.Build.0 = Debug|Any CPU
		{F0F03287-1000-4661-A2FF-9092A91F9A88}.Debug|ARM.ActiveCfg = Debug|Any CPU
		{F0F03287-1000-4661-A2FF-9092A91F9A88}.Debug|ARM.Build.0 = Debug|Any CPU
		{F0F03287-1000-4661-A2FF-9092A91F9A88}.Debug|iPhone.ActiveCfg = Debug|Any CPU
		{F0F03287-1000-4661-A2FF-9092A91F9A88}.Debug|iPhone.Build.0 = Debug|Any CPU
		{F0F03287-1000-4661-A2FF-9092A91F9A88}.Debug|iPhoneSimulator.ActiveCfg = Debug|Any CPU
		{F0F03287-1000-4661-A2FF-9092A91F9A88}.Debug|iPhoneSimulator.Build.0 = Debug|Any CPU
		{F0F03287-1000-4661-A2FF-9092A91F9A88}.Debug|x64.ActiveCfg = Debug|Any CPU
		{F0F03287-1000-4661-A2FF-9092A91F9A88}.Debug|x64.Build.0 = Debug|Any CPU
		{F0F03287-1000-4661-A2FF-9092A91F9A88}.Debug|x86.ActiveCfg = Debug|Any CPU
		{F0F03287-1000-4661-A2FF-9092A91F9A88}.Debug|x86.Build.0 = Debug|Any CPU
		{F0F03287-1000-4661-A2FF-9092A91F9A88}.Release|Any CPU.ActiveCfg = Release|Any CPU
		{F0F03287-1000-4661-A2FF-9092A91F9A88}.Release|Any CPU.Build.0 = Release|Any CPU
		{F0F03287-1000-4661-A2FF-9092A91F9A88}.Release|ARM.ActiveCfg = Release|Any CPU
		{F0F03287-1000-4661-A2FF-9092A91F9A88}.Release|ARM.Build.0 = Release|Any CPU
		{F0F03287-1000-4661-A2FF-9092A91F9A88}.Release|iPhone.ActiveCfg = Release|Any CPU
		{F0F03287-1000-4661-A2FF-9092A91F9A88}.Release|iPhone.Build.0 = Release|Any CPU
		{F0F03287-1000-4661-A2FF-9092A91F9A88}.Release|iPhoneSimulator.ActiveCfg = Release|Any CPU
		{F0F03287-1000-4661-A2FF-9092A91F9A88}.Release|iPhoneSimulator.Build.0 = Release|Any CPU
		{F0F03287-1000-4661-A2FF-9092A91F9A88}.Release|x64.ActiveCfg = Release|Any CPU
		{F0F03287-1000-4661-A2FF-9092A91F9A88}.Release|x64.Build.0 = Release|Any CPU
		{F0F03287-1000-4661-A2FF-9092A91F9A88}.Release|x86.ActiveCfg = Release|Any CPU
		{F0F03287-1000-4661-A2FF-9092A91F9A88}.Release|x86.Build.0 = Release|Any CPU
		{9BDAC1E6-0631-46D1-800A-6F8991DE724C}.Ad-Hoc|Any CPU.ActiveCfg = Release|Any CPU
		{9BDAC1E6-0631-46D1-800A-6F8991DE724C}.Ad-Hoc|Any CPU.Build.0 = Release|Any CPU
		{9BDAC1E6-0631-46D1-800A-6F8991DE724C}.Ad-Hoc|Any CPU.Deploy.0 = Release|Any CPU
		{9BDAC1E6-0631-46D1-800A-6F8991DE724C}.Ad-Hoc|ARM.ActiveCfg = Release|Any CPU
		{9BDAC1E6-0631-46D1-800A-6F8991DE724C}.Ad-Hoc|ARM.Build.0 = Release|Any CPU
		{9BDAC1E6-0631-46D1-800A-6F8991DE724C}.Ad-Hoc|ARM.Deploy.0 = Release|Any CPU
		{9BDAC1E6-0631-46D1-800A-6F8991DE724C}.Ad-Hoc|iPhone.ActiveCfg = Release|Any CPU
		{9BDAC1E6-0631-46D1-800A-6F8991DE724C}.Ad-Hoc|iPhone.Build.0 = Release|Any CPU
		{9BDAC1E6-0631-46D1-800A-6F8991DE724C}.Ad-Hoc|iPhone.Deploy.0 = Release|Any CPU
		{9BDAC1E6-0631-46D1-800A-6F8991DE724C}.Ad-Hoc|iPhoneSimulator.ActiveCfg = Release|Any CPU
		{9BDAC1E6-0631-46D1-800A-6F8991DE724C}.Ad-Hoc|iPhoneSimulator.Build.0 = Release|Any CPU
		{9BDAC1E6-0631-46D1-800A-6F8991DE724C}.Ad-Hoc|iPhoneSimulator.Deploy.0 = Release|Any CPU
		{9BDAC1E6-0631-46D1-800A-6F8991DE724C}.Ad-Hoc|x64.ActiveCfg = Release|Any CPU
		{9BDAC1E6-0631-46D1-800A-6F8991DE724C}.Ad-Hoc|x64.Build.0 = Release|Any CPU
		{9BDAC1E6-0631-46D1-800A-6F8991DE724C}.Ad-Hoc|x64.Deploy.0 = Release|Any CPU
		{9BDAC1E6-0631-46D1-800A-6F8991DE724C}.Ad-Hoc|x86.ActiveCfg = Release|Any CPU
		{9BDAC1E6-0631-46D1-800A-6F8991DE724C}.Ad-Hoc|x86.Build.0 = Release|Any CPU
		{9BDAC1E6-0631-46D1-800A-6F8991DE724C}.Ad-Hoc|x86.Deploy.0 = Release|Any CPU
		{9BDAC1E6-0631-46D1-800A-6F8991DE724C}.AppStore|Any CPU.ActiveCfg = Release|Any CPU
		{9BDAC1E6-0631-46D1-800A-6F8991DE724C}.AppStore|Any CPU.Build.0 = Release|Any CPU
		{9BDAC1E6-0631-46D1-800A-6F8991DE724C}.AppStore|Any CPU.Deploy.0 = Release|Any CPU
		{9BDAC1E6-0631-46D1-800A-6F8991DE724C}.AppStore|ARM.ActiveCfg = Release|Any CPU
		{9BDAC1E6-0631-46D1-800A-6F8991DE724C}.AppStore|ARM.Build.0 = Release|Any CPU
		{9BDAC1E6-0631-46D1-800A-6F8991DE724C}.AppStore|ARM.Deploy.0 = Release|Any CPU
		{9BDAC1E6-0631-46D1-800A-6F8991DE724C}.AppStore|iPhone.ActiveCfg = Release|Any CPU
		{9BDAC1E6-0631-46D1-800A-6F8991DE724C}.AppStore|iPhone.Build.0 = Release|Any CPU
		{9BDAC1E6-0631-46D1-800A-6F8991DE724C}.AppStore|iPhone.Deploy.0 = Release|Any CPU
		{9BDAC1E6-0631-46D1-800A-6F8991DE724C}.AppStore|iPhoneSimulator.ActiveCfg = Release|Any CPU
		{9BDAC1E6-0631-46D1-800A-6F8991DE724C}.AppStore|iPhoneSimulator.Build.0 = Release|Any CPU
		{9BDAC1E6-0631-46D1-800A-6F8991DE724C}.AppStore|iPhoneSimulator.Deploy.0 = Release|Any CPU
		{9BDAC1E6-0631-46D1-800A-6F8991DE724C}.AppStore|x64.ActiveCfg = Release|Any CPU
		{9BDAC1E6-0631-46D1-800A-6F8991DE724C}.AppStore|x64.Build.0 = Release|Any CPU
		{9BDAC1E6-0631-46D1-800A-6F8991DE724C}.AppStore|x64.Deploy.0 = Release|Any CPU
		{9BDAC1E6-0631-46D1-800A-6F8991DE724C}.AppStore|x86.ActiveCfg = Release|Any CPU
		{9BDAC1E6-0631-46D1-800A-6F8991DE724C}.AppStore|x86.Build.0 = Release|Any CPU
		{9BDAC1E6-0631-46D1-800A-6F8991DE724C}.AppStore|x86.Deploy.0 = Release|Any CPU
		{9BDAC1E6-0631-46D1-800A-6F8991DE724C}.Debug|Any CPU.ActiveCfg = Debug|Any CPU
		{9BDAC1E6-0631-46D1-800A-6F8991DE724C}.Debug|Any CPU.Build.0 = Debug|Any CPU
		{9BDAC1E6-0631-46D1-800A-6F8991DE724C}.Debug|Any CPU.Deploy.0 = Debug|Any CPU
		{9BDAC1E6-0631-46D1-800A-6F8991DE724C}.Debug|ARM.ActiveCfg = Debug|Any CPU
		{9BDAC1E6-0631-46D1-800A-6F8991DE724C}.Debug|ARM.Build.0 = Debug|Any CPU
		{9BDAC1E6-0631-46D1-800A-6F8991DE724C}.Debug|ARM.Deploy.0 = Debug|Any CPU
		{9BDAC1E6-0631-46D1-800A-6F8991DE724C}.Debug|iPhone.ActiveCfg = Debug|Any CPU
		{9BDAC1E6-0631-46D1-800A-6F8991DE724C}.Debug|iPhone.Build.0 = Debug|Any CPU
		{9BDAC1E6-0631-46D1-800A-6F8991DE724C}.Debug|iPhone.Deploy.0 = Debug|Any CPU
		{9BDAC1E6-0631-46D1-800A-6F8991DE724C}.Debug|iPhoneSimulator.ActiveCfg = Debug|Any CPU
		{9BDAC1E6-0631-46D1-800A-6F8991DE724C}.Debug|iPhoneSimulator.Build.0 = Debug|Any CPU
		{9BDAC1E6-0631-46D1-800A-6F8991DE724C}.Debug|iPhoneSimulator.Deploy.0 = Debug|Any CPU
		{9BDAC1E6-0631-46D1-800A-6F8991DE724C}.Debug|x64.ActiveCfg = Debug|Any CPU
		{9BDAC1E6-0631-46D1-800A-6F8991DE724C}.Debug|x64.Build.0 = Debug|Any CPU
		{9BDAC1E6-0631-46D1-800A-6F8991DE724C}.Debug|x64.Deploy.0 = Debug|Any CPU
		{9BDAC1E6-0631-46D1-800A-6F8991DE724C}.Debug|x86.ActiveCfg = Debug|Any CPU
		{9BDAC1E6-0631-46D1-800A-6F8991DE724C}.Debug|x86.Build.0 = Debug|Any CPU
		{9BDAC1E6-0631-46D1-800A-6F8991DE724C}.Debug|x86.Deploy.0 = Debug|Any CPU
		{9BDAC1E6-0631-46D1-800A-6F8991DE724C}.Release|Any CPU.ActiveCfg = Release|Any CPU
		{9BDAC1E6-0631-46D1-800A-6F8991DE724C}.Release|Any CPU.Build.0 = Release|Any CPU
		{9BDAC1E6-0631-46D1-800A-6F8991DE724C}.Release|Any CPU.Deploy.0 = Release|Any CPU
		{9BDAC1E6-0631-46D1-800A-6F8991DE724C}.Release|ARM.ActiveCfg = Release|Any CPU
		{9BDAC1E6-0631-46D1-800A-6F8991DE724C}.Release|ARM.Build.0 = Release|Any CPU
		{9BDAC1E6-0631-46D1-800A-6F8991DE724C}.Release|ARM.Deploy.0 = Release|Any CPU
		{9BDAC1E6-0631-46D1-800A-6F8991DE724C}.Release|iPhone.ActiveCfg = Release|Any CPU
		{9BDAC1E6-0631-46D1-800A-6F8991DE724C}.Release|iPhone.Build.0 = Release|Any CPU
		{9BDAC1E6-0631-46D1-800A-6F8991DE724C}.Release|iPhone.Deploy.0 = Release|Any CPU
		{9BDAC1E6-0631-46D1-800A-6F8991DE724C}.Release|iPhoneSimulator.ActiveCfg = Release|Any CPU
		{9BDAC1E6-0631-46D1-800A-6F8991DE724C}.Release|iPhoneSimulator.Build.0 = Release|Any CPU
		{9BDAC1E6-0631-46D1-800A-6F8991DE724C}.Release|iPhoneSimulator.Deploy.0 = Release|Any CPU
		{9BDAC1E6-0631-46D1-800A-6F8991DE724C}.Release|x64.ActiveCfg = Release|Any CPU
		{9BDAC1E6-0631-46D1-800A-6F8991DE724C}.Release|x64.Build.0 = Release|Any CPU
		{9BDAC1E6-0631-46D1-800A-6F8991DE724C}.Release|x64.Deploy.0 = Release|Any CPU
		{9BDAC1E6-0631-46D1-800A-6F8991DE724C}.Release|x86.ActiveCfg = Release|Any CPU
		{9BDAC1E6-0631-46D1-800A-6F8991DE724C}.Release|x86.Build.0 = Release|Any CPU
		{9BDAC1E6-0631-46D1-800A-6F8991DE724C}.Release|x86.Deploy.0 = Release|Any CPU
		{0144DEF3-70AE-4AD0-B7F2-1C7DD74CFA4E}.Ad-Hoc|Any CPU.ActiveCfg = Ad-Hoc|iPhone
		{0144DEF3-70AE-4AD0-B7F2-1C7DD74CFA4E}.Ad-Hoc|ARM.ActiveCfg = Ad-Hoc|iPhone
		{0144DEF3-70AE-4AD0-B7F2-1C7DD74CFA4E}.Ad-Hoc|iPhone.ActiveCfg = Ad-Hoc|iPhone
		{0144DEF3-70AE-4AD0-B7F2-1C7DD74CFA4E}.Ad-Hoc|iPhone.Build.0 = Ad-Hoc|iPhone
		{0144DEF3-70AE-4AD0-B7F2-1C7DD74CFA4E}.Ad-Hoc|iPhoneSimulator.ActiveCfg = Ad-Hoc|iPhoneSimulator
		{0144DEF3-70AE-4AD0-B7F2-1C7DD74CFA4E}.Ad-Hoc|iPhoneSimulator.Build.0 = Ad-Hoc|iPhoneSimulator
		{0144DEF3-70AE-4AD0-B7F2-1C7DD74CFA4E}.Ad-Hoc|x64.ActiveCfg = Ad-Hoc|iPhone
		{0144DEF3-70AE-4AD0-B7F2-1C7DD74CFA4E}.Ad-Hoc|x86.ActiveCfg = Ad-Hoc|iPhone
		{0144DEF3-70AE-4AD0-B7F2-1C7DD74CFA4E}.AppStore|Any CPU.ActiveCfg = AppStore|iPhone
		{0144DEF3-70AE-4AD0-B7F2-1C7DD74CFA4E}.AppStore|ARM.ActiveCfg = AppStore|iPhone
		{0144DEF3-70AE-4AD0-B7F2-1C7DD74CFA4E}.AppStore|iPhone.ActiveCfg = AppStore|iPhone
		{0144DEF3-70AE-4AD0-B7F2-1C7DD74CFA4E}.AppStore|iPhone.Build.0 = AppStore|iPhone
		{0144DEF3-70AE-4AD0-B7F2-1C7DD74CFA4E}.AppStore|iPhoneSimulator.ActiveCfg = AppStore|iPhoneSimulator
		{0144DEF3-70AE-4AD0-B7F2-1C7DD74CFA4E}.AppStore|iPhoneSimulator.Build.0 = AppStore|iPhoneSimulator
		{0144DEF3-70AE-4AD0-B7F2-1C7DD74CFA4E}.AppStore|x64.ActiveCfg = AppStore|iPhone
		{0144DEF3-70AE-4AD0-B7F2-1C7DD74CFA4E}.AppStore|x86.ActiveCfg = AppStore|iPhone
		{0144DEF3-70AE-4AD0-B7F2-1C7DD74CFA4E}.Debug|Any CPU.ActiveCfg = Debug|iPhone
		{0144DEF3-70AE-4AD0-B7F2-1C7DD74CFA4E}.Debug|ARM.ActiveCfg = Debug|iPhone
		{0144DEF3-70AE-4AD0-B7F2-1C7DD74CFA4E}.Debug|iPhone.ActiveCfg = Debug|iPhone
		{0144DEF3-70AE-4AD0-B7F2-1C7DD74CFA4E}.Debug|iPhone.Build.0 = Debug|iPhone
		{0144DEF3-70AE-4AD0-B7F2-1C7DD74CFA4E}.Debug|iPhoneSimulator.ActiveCfg = Debug|iPhoneSimulator
		{0144DEF3-70AE-4AD0-B7F2-1C7DD74CFA4E}.Debug|iPhoneSimulator.Build.0 = Debug|iPhoneSimulator
		{0144DEF3-70AE-4AD0-B7F2-1C7DD74CFA4E}.Debug|x64.ActiveCfg = Debug|iPhone
		{0144DEF3-70AE-4AD0-B7F2-1C7DD74CFA4E}.Debug|x86.ActiveCfg = Debug|iPhone
		{0144DEF3-70AE-4AD0-B7F2-1C7DD74CFA4E}.Release|Any CPU.ActiveCfg = Release|iPhone
		{0144DEF3-70AE-4AD0-B7F2-1C7DD74CFA4E}.Release|ARM.ActiveCfg = Release|iPhone
		{0144DEF3-70AE-4AD0-B7F2-1C7DD74CFA4E}.Release|iPhone.ActiveCfg = Release|iPhone
		{0144DEF3-70AE-4AD0-B7F2-1C7DD74CFA4E}.Release|iPhone.Build.0 = Release|iPhone
		{0144DEF3-70AE-4AD0-B7F2-1C7DD74CFA4E}.Release|iPhoneSimulator.ActiveCfg = Release|iPhoneSimulator
		{0144DEF3-70AE-4AD0-B7F2-1C7DD74CFA4E}.Release|iPhoneSimulator.Build.0 = Release|iPhoneSimulator
		{0144DEF3-70AE-4AD0-B7F2-1C7DD74CFA4E}.Release|x64.ActiveCfg = Release|iPhone
		{0144DEF3-70AE-4AD0-B7F2-1C7DD74CFA4E}.Release|x86.ActiveCfg = Release|iPhone
		{56F960EF-30F2-49C0-93AB-B209C3B70C63}.Ad-Hoc|Any CPU.ActiveCfg = Release|x86
		{56F960EF-30F2-49C0-93AB-B209C3B70C63}.Ad-Hoc|Any CPU.Build.0 = Release|x86
		{56F960EF-30F2-49C0-93AB-B209C3B70C63}.Ad-Hoc|Any CPU.Deploy.0 = Release|x86
		{56F960EF-30F2-49C0-93AB-B209C3B70C63}.Ad-Hoc|ARM.ActiveCfg = Release|ARM
		{56F960EF-30F2-49C0-93AB-B209C3B70C63}.Ad-Hoc|ARM.Build.0 = Release|ARM
		{56F960EF-30F2-49C0-93AB-B209C3B70C63}.Ad-Hoc|ARM.Deploy.0 = Release|ARM
		{56F960EF-30F2-49C0-93AB-B209C3B70C63}.Ad-Hoc|iPhone.ActiveCfg = Release|x86
		{56F960EF-30F2-49C0-93AB-B209C3B70C63}.Ad-Hoc|iPhone.Build.0 = Release|x86
		{56F960EF-30F2-49C0-93AB-B209C3B70C63}.Ad-Hoc|iPhone.Deploy.0 = Release|x86
		{56F960EF-30F2-49C0-93AB-B209C3B70C63}.Ad-Hoc|iPhoneSimulator.ActiveCfg = Release|x86
		{56F960EF-30F2-49C0-93AB-B209C3B70C63}.Ad-Hoc|iPhoneSimulator.Build.0 = Release|x86
		{56F960EF-30F2-49C0-93AB-B209C3B70C63}.Ad-Hoc|iPhoneSimulator.Deploy.0 = Release|x86
		{56F960EF-30F2-49C0-93AB-B209C3B70C63}.Ad-Hoc|x64.ActiveCfg = Release|x64
		{56F960EF-30F2-49C0-93AB-B209C3B70C63}.Ad-Hoc|x64.Build.0 = Release|x64
		{56F960EF-30F2-49C0-93AB-B209C3B70C63}.Ad-Hoc|x64.Deploy.0 = Release|x64
		{56F960EF-30F2-49C0-93AB-B209C3B70C63}.Ad-Hoc|x86.ActiveCfg = Release|x86
		{56F960EF-30F2-49C0-93AB-B209C3B70C63}.Ad-Hoc|x86.Build.0 = Release|x86
		{56F960EF-30F2-49C0-93AB-B209C3B70C63}.Ad-Hoc|x86.Deploy.0 = Release|x86
		{56F960EF-30F2-49C0-93AB-B209C3B70C63}.AppStore|Any CPU.ActiveCfg = Release|x86
		{56F960EF-30F2-49C0-93AB-B209C3B70C63}.AppStore|Any CPU.Build.0 = Release|x86
		{56F960EF-30F2-49C0-93AB-B209C3B70C63}.AppStore|Any CPU.Deploy.0 = Release|x86
		{56F960EF-30F2-49C0-93AB-B209C3B70C63}.AppStore|ARM.ActiveCfg = Release|ARM
		{56F960EF-30F2-49C0-93AB-B209C3B70C63}.AppStore|ARM.Build.0 = Release|ARM
		{56F960EF-30F2-49C0-93AB-B209C3B70C63}.AppStore|ARM.Deploy.0 = Release|ARM
		{56F960EF-30F2-49C0-93AB-B209C3B70C63}.AppStore|iPhone.ActiveCfg = Release|x86
		{56F960EF-30F2-49C0-93AB-B209C3B70C63}.AppStore|iPhone.Build.0 = Release|x86
		{56F960EF-30F2-49C0-93AB-B209C3B70C63}.AppStore|iPhone.Deploy.0 = Release|x86
		{56F960EF-30F2-49C0-93AB-B209C3B70C63}.AppStore|iPhoneSimulator.ActiveCfg = Release|x86
		{56F960EF-30F2-49C0-93AB-B209C3B70C63}.AppStore|iPhoneSimulator.Build.0 = Release|x86
		{56F960EF-30F2-49C0-93AB-B209C3B70C63}.AppStore|iPhoneSimulator.Deploy.0 = Release|x86
		{56F960EF-30F2-49C0-93AB-B209C3B70C63}.AppStore|x64.ActiveCfg = Release|x64
		{56F960EF-30F2-49C0-93AB-B209C3B70C63}.AppStore|x64.Build.0 = Release|x64
		{56F960EF-30F2-49C0-93AB-B209C3B70C63}.AppStore|x64.Deploy.0 = Release|x64
		{56F960EF-30F2-49C0-93AB-B209C3B70C63}.AppStore|x86.ActiveCfg = Release|x86
		{56F960EF-30F2-49C0-93AB-B209C3B70C63}.AppStore|x86.Build.0 = Release|x86
		{56F960EF-30F2-49C0-93AB-B209C3B70C63}.AppStore|x86.Deploy.0 = Release|x86
		{56F960EF-30F2-49C0-93AB-B209C3B70C63}.Debug|Any CPU.ActiveCfg = Debug|x86
		{56F960EF-30F2-49C0-93AB-B209C3B70C63}.Debug|ARM.ActiveCfg = Debug|ARM
		{56F960EF-30F2-49C0-93AB-B209C3B70C63}.Debug|ARM.Build.0 = Debug|ARM
		{56F960EF-30F2-49C0-93AB-B209C3B70C63}.Debug|ARM.Deploy.0 = Debug|ARM
		{56F960EF-30F2-49C0-93AB-B209C3B70C63}.Debug|iPhone.ActiveCfg = Debug|x86
		{56F960EF-30F2-49C0-93AB-B209C3B70C63}.Debug|iPhoneSimulator.ActiveCfg = Debug|x86
		{56F960EF-30F2-49C0-93AB-B209C3B70C63}.Debug|x64.ActiveCfg = Debug|x64
		{56F960EF-30F2-49C0-93AB-B209C3B70C63}.Debug|x64.Build.0 = Debug|x64
		{56F960EF-30F2-49C0-93AB-B209C3B70C63}.Debug|x64.Deploy.0 = Debug|x64
		{56F960EF-30F2-49C0-93AB-B209C3B70C63}.Debug|x86.ActiveCfg = Debug|x86
		{56F960EF-30F2-49C0-93AB-B209C3B70C63}.Debug|x86.Build.0 = Debug|x86
		{56F960EF-30F2-49C0-93AB-B209C3B70C63}.Debug|x86.Deploy.0 = Debug|x86
		{56F960EF-30F2-49C0-93AB-B209C3B70C63}.Release|Any CPU.ActiveCfg = Release|x86
		{56F960EF-30F2-49C0-93AB-B209C3B70C63}.Release|ARM.ActiveCfg = Release|ARM
		{56F960EF-30F2-49C0-93AB-B209C3B70C63}.Release|ARM.Build.0 = Release|ARM
		{56F960EF-30F2-49C0-93AB-B209C3B70C63}.Release|ARM.Deploy.0 = Release|ARM
		{56F960EF-30F2-49C0-93AB-B209C3B70C63}.Release|iPhone.ActiveCfg = Release|x86
		{56F960EF-30F2-49C0-93AB-B209C3B70C63}.Release|iPhoneSimulator.ActiveCfg = Release|x86
		{56F960EF-30F2-49C0-93AB-B209C3B70C63}.Release|x64.ActiveCfg = Release|x64
		{56F960EF-30F2-49C0-93AB-B209C3B70C63}.Release|x64.Build.0 = Release|x64
		{56F960EF-30F2-49C0-93AB-B209C3B70C63}.Release|x64.Deploy.0 = Release|x64
		{56F960EF-30F2-49C0-93AB-B209C3B70C63}.Release|x86.ActiveCfg = Release|x86
		{56F960EF-30F2-49C0-93AB-B209C3B70C63}.Release|x86.Build.0 = Release|x86
		{56F960EF-30F2-49C0-93AB-B209C3B70C63}.Release|x86.Deploy.0 = Release|x86
	EndGlobalSection
	GlobalSection(SolutionProperties) = preSolution
		HideSolutionNode = FALSE
	EndGlobalSection
	GlobalSection(ExtensibilityGlobals) = postSolution
		SolutionGuid = {BB6F2E23-1261-459B-8769-5663864BBC5B}
	EndGlobalSection
EndGlobal
